// !$*UTF8*$!
{
	archiveVersion = 1;
	classes = {
	};
	objectVersion = 77;
	objects = {

/* Begin PBXBuildFile section */
		84BCFE9F2EC61AE0006D9E40 /* CoreXLSX in Frameworks */ = {isa = PBXBuildFile; productRef = 84BCFE9E2EC61AE0006D9E40 /* CoreXLSX */; };
/* End PBXBuildFile section */

/* Begin PBXContainerItemProxy section */
		84DB8E032EBB712C005328DC /* PBXContainerItemProxy */ = {
			isa = PBXContainerItemProxy;
			containerPortal = 84DB8DED2EBB711B005328DC /* Project object */;
			proxyType = 1;
			remoteGlobalIDString = 84DB8DF42EBB711B005328DC;
			remoteInfo = GCAP;
		};
		84DB8E0D2EBB712C005328DC /* PBXContainerItemProxy */ = {
			isa = PBXContainerItemProxy;
			containerPortal = 84DB8DED2EBB711B005328DC /* Project object */;
			proxyType = 1;
			remoteGlobalIDString = 84DB8DF42EBB711B005328DC;
			remoteInfo = GCAP;
		};
/* End PBXContainerItemProxy section */

/* Begin PBXFileReference section */
		84DB8DF52EBB711B005328DC /* GCAP.app */ = {isa = PBXFileReference; explicitFileType = wrapper.application; includeInIndex = 0; path = GCAP.app; sourceTree = BUILT_PRODUCTS_DIR; };
		84DB8E022EBB712C005328DC /* GCAPTests.xctest */ = {isa = PBXFileReference; explicitFileType = wrapper.cfbundle; includeInIndex = 0; path = GCAPTests.xctest; sourceTree = BUILT_PRODUCTS_DIR; };
		84DB8E0C2EBB712C005328DC /* GCAPUITests.xctest */ = {isa = PBXFileReference; explicitFileType = wrapper.cfbundle; includeInIndex = 0; path = GCAPUITests.xctest; sourceTree = BUILT_PRODUCTS_DIR; };
/* End PBXFileReference section */

/* Begin PBXFileSystemSynchronizedRootGroup section */
		84DB8DF72EBB711B005328DC /* GCAP */ = {
			isa = PBXFileSystemSynchronizedRootGroup;
			path = GCAP;
			sourceTree = "<group>";
		};
		84DB8E052EBB712C005328DC /* GCAPTests */ = {
			isa = PBXFileSystemSynchronizedRootGroup;
			path = GCAPTests;
			sourceTree = "<group>";
		};
		84DB8E0F2EBB712C005328DC /* GCAPUITests */ = {
			isa = PBXFileSystemSynchronizedRootGroup;
			path = GCAPUITests;
			sourceTree = "<group>";
		};
/* End PBXFileSystemSynchronizedRootGroup section */

/* Begin PBXFrameworksBuildPhase section */
		84DB8DF22EBB711B005328DC /* Frameworks */ = {
			isa = PBXFrameworksBuildPhase;
			buildActionMask = 2147483647;
			files = (
				84BCFE9F2EC61AE0006D9E40 /* CoreXLSX in Frameworks */,
			);
			runOnlyForDeploymentPostprocessing = 0;
		};
		84DB8DFF2EBB712C005328DC /* Frameworks */ = {
			isa = PBXFrameworksBuildPhase;
			buildActionMask = 2147483647;
			files = (
			);
			runOnlyForDeploymentPostprocessing = 0;
		};
		84DB8E092EBB712C005328DC /* Frameworks */ = {
			isa = PBXFrameworksBuildPhase;
			buildActionMask = 2147483647;
			files = (
			);
			runOnlyForDeploymentPostprocessing = 0;
		};
/* End PBXFrameworksBuildPhase section */

/* Begin PBXGroup section */
		84DB8DEC2EBB711B005328DC = {
			isa = PBXGroup;
			children = (
				84DB8DF72EBB711B005328DC /* GCAP */,
				84DB8E052EBB712C005328DC /* GCAPTests */,
				84DB8E0F2EBB712C005328DC /* GCAPUITests */,
				84DB8DF62EBB711B005328DC /* Products */,
			);
			sourceTree = "<group>";
		};
		84DB8DF62EBB711B005328DC /* Products */ = {
			isa = PBXGroup;
			children = (
				84DB8DF52EBB711B005328DC /* GCAP.app */,
				84DB8E022EBB712C005328DC /* GCAPTests.xctest */,
				84DB8E0C2EBB712C005328DC /* GCAPUITests.xctest */,
			);
			name = Products;
			sourceTree = "<group>";
		};
/* End PBXGroup section */

/* Begin PBXNativeTarget section */
		84DB8DF42EBB711B005328DC /* GCAP */ = {
			isa = PBXNativeTarget;
			buildConfigurationList = 84DB8E162EBB712C005328DC /* Build configuration list for PBXNativeTarget "GCAP" */;
			buildPhases = (
				84DB8DF12EBB711B005328DC /* Sources */,
				84DB8DF22EBB711B005328DC /* Frameworks */,
				84DB8DF32EBB711B005328DC /* Resources */,
			);
			buildRules = (
			);
			dependencies = (
			);
			fileSystemSynchronizedGroups = (
				84DB8DF72EBB711B005328DC /* GCAP */,
			);
			name = GCAP;
			packageProductDependencies = (
				84BCFE9E2EC61AE0006D9E40 /* CoreXLSX */,
			);
			productName = GCAP;
			productReference = 84DB8DF52EBB711B005328DC /* GCAP.app */;
			productType = "com.apple.product-type.application";
		};
		84DB8E012EBB712C005328DC /* GCAPTests */ = {
			isa = PBXNativeTarget;
			buildConfigurationList = 84DB8E192EBB712C005328DC /* Build configuration list for PBXNativeTarget "GCAPTests" */;
			buildPhases = (
				84DB8DFE2EBB712C005328DC /* Sources */,
				84DB8DFF2EBB712C005328DC /* Frameworks */,
				84DB8E002EBB712C005328DC /* Resources */,
			);
			buildRules = (
			);
			dependencies = (
				84DB8E042EBB712C005328DC /* PBXTargetDependency */,
			);
			fileSystemSynchronizedGroups = (
				84DB8E052EBB712C005328DC /* GCAPTests */,
			);
			name = GCAPTests;
			packageProductDependencies = (
			);
			productName = GCAPTests;
			productReference = 84DB8E022EBB712C005328DC /* GCAPTests.xctest */;
			productType = "com.apple.product-type.bundle.unit-test";
		};
		84DB8E0B2EBB712C005328DC /* GCAPUITests */ = {
			isa = PBXNativeTarget;
			buildConfigurationList = 84DB8E1C2EBB712C005328DC /* Build configuration list for PBXNativeTarget "GCAPUITests" */;
			buildPhases = (
				84DB8E082EBB712C005328DC /* Sources */,
				84DB8E092EBB712C005328DC /* Frameworks */,
				84DB8E0A2EBB712C005328DC /* Resources */,
			);
			buildRules = (
			);
			dependencies = (
				84DB8E0E2EBB712C005328DC /* PBXTargetDependency */,
			);
			fileSystemSynchronizedGroups = (
				84DB8E0F2EBB712C005328DC /* GCAPUITests */,
			);
			name = GCAPUITests;
			packageProductDependencies = (
			);
			productName = GCAPUITests;
			productReference = 84DB8E0C2EBB712C005328DC /* GCAPUITests.xctest */;
			productType = "com.apple.product-type.bundle.ui-testing";
		};
/* End PBXNativeTarget section */

/* Begin PBXProject section */
		84DB8DED2EBB711B005328DC /* Project object */ = {
			isa = PBXProject;
			attributes = {
				BuildIndependentTargetsInParallel = 1;
				LastSwiftUpdateCheck = 1640;
				LastUpgradeCheck = 1640;
				TargetAttributes = {
					84DB8DF42EBB711B005328DC = {
						CreatedOnToolsVersion = 16.4;
					};
					84DB8E012EBB712C005328DC = {
						CreatedOnToolsVersion = 16.4;
						TestTargetID = 84DB8DF42EBB711B005328DC;
					};
					84DB8E0B2EBB712C005328DC = {
						CreatedOnToolsVersion = 16.4;
						TestTargetID = 84DB8DF42EBB711B005328DC;
					};
				};
			};
			buildConfigurationList = 84DB8DF02EBB711B005328DC /* Build configuration list for PBXProject "GCAP" */;
			developmentRegion = en;
			hasScannedForEncodings = 0;
			knownRegions = (
				en,
				Base,
			);
			mainGroup = 84DB8DEC2EBB711B005328DC;
			minimizedProjectReferenceProxies = 1;
			packageReferences = (
				84BCFE9D2EC61A2B006D9E40 /* XCRemoteSwiftPackageReference "CoreXLSX" */,
			);
			preferredProjectObjectVersion = 77;
			productRefGroup = 84DB8DF62EBB711B005328DC /* Products */;
			projectDirPath = "";
			projectRoot = "";
			targets = (
				84DB8DF42EBB711B005328DC /* GCAP */,
				84DB8E012EBB712C005328DC /* GCAPTests */,
				84DB8E0B2EBB712C005328DC /* GCAPUITests */,
			);
		};
/* End PBXProject section */

/* Begin PBXResourcesBuildPhase section */
		84DB8DF32EBB711B005328DC /* Resources */ = {
			isa = PBXResourcesBuildPhase;
			buildActionMask = 2147483647;
			files = (
			);
			runOnlyForDeploymentPostprocessing = 0;
		};
		84DB8E002EBB712C005328DC /* Resources */ = {
			isa = PBXResourcesBuildPhase;
			buildActionMask = 2147483647;
			files = (
			);
			runOnlyForDeploymentPostprocessing = 0;
		};
		84DB8E0A2EBB712C005328DC /* Resources */ = {
			isa = PBXResourcesBuildPhase;
			buildActionMask = 2147483647;
			files = (
			);
			runOnlyForDeploymentPostprocessing = 0;
		};
/* End PBXResourcesBuildPhase section */

/* Begin PBXSourcesBuildPhase section */
		84DB8DF12EBB711B005328DC /* Sources */ = {
			isa = PBXSourcesBuildPhase;
			buildActionMask = 2147483647;
			files = (
			);
			runOnlyForDeploymentPostprocessing = 0;
		};
		84DB8DFE2EBB712C005328DC /* Sources */ = {
			isa = PBXSourcesBuildPhase;
			buildActionMask = 2147483647;
			files = (
			);
			runOnlyForDeploymentPostprocessing = 0;
		};
		84DB8E082EBB712C005328DC /* Sources */ = {
			isa = PBXSourcesBuildPhase;
			buildActionMask = 2147483647;
			files = (
			);
			runOnlyForDeploymentPostprocessing = 0;
		};
/* End PBXSourcesBuildPhase section */

/* Begin PBXTargetDependency section */
		84DB8E042EBB712C005328DC /* PBXTargetDependency */ = {
			isa = PBXTargetDependency;
			target = 84DB8DF42EBB711B005328DC /* GCAP */;
			targetProxy = 84DB8E032EBB712C005328DC /* PBXContainerItemProxy */;
		};
		84DB8E0E2EBB712C005328DC /* PBXTargetDependency */ = {
			isa = PBXTargetDependency;
			target = 84DB8DF42EBB711B005328DC /* GCAP */;
			targetProxy = 84DB8E0D2EBB712C005328DC /* PBXContainerItemProxy */;
		};
/* End PBXTargetDependency section */

/* Begin XCBuildConfiguration section */
		84DB8E142EBB712C005328DC /* Debug */ = {
			isa = XCBuildConfiguration;
			buildSettings = {
				ALWAYS_SEARCH_USER_PATHS = NO;
				ASSETCATALOG_COMPILER_GENERATE_SWIFT_ASSET_SYMBOL_EXTENSIONS = YES;
				CLANG_ANALYZER_NONNULL = YES;
				CLANG_ANALYZER_NUMBER_OBJECT_CONVERSION = YES_AGGRESSIVE;
				CLANG_CXX_LANGUAGE_STANDARD = "gnu++20";
				CLANG_ENABLE_MODULES = YES;
				CLANG_ENABLE_OBJC_ARC = YES;
				CLANG_ENABLE_OBJC_WEAK = YES;
				CLANG_WARN_BLOCK_CAPTURE_AUTORELEASING = YES;
				CLANG_WARN_BOOL_CONVERSION = YES;
				CLANG_WARN_COMMA = YES;
				CLANG_WARN_CONSTANT_CONVERSION = YES;
				CLANG_WARN_DEPRECATED_OBJC_IMPLEMENTATIONS = YES;
				CLANG_WARN_DIRECT_OBJC_ISA_USAGE = YES_ERROR;
				CLANG_WARN_DOCUMENTATION_COMMENTS = YES;
				CLANG_WARN_EMPTY_BODY = YES;
				CLANG_WARN_ENUM_CONVERSION = YES;
				CLANG_WARN_INFINITE_RECURSION = YES;
				CLANG_WARN_INT_CONVERSION = YES;
				CLANG_WARN_NON_LITERAL_NULL_CONVERSION = YES;
				CLANG_WARN_OBJC_IMPLICIT_RETAIN_SELF = YES;
				CLANG_WARN_OBJC_LITERAL_CONVERSION = YES;
				CLANG_WARN_OBJC_ROOT_CLASS = YES_ERROR;
				CLANG_WARN_QUOTED_INCLUDE_IN_FRAMEWORK_HEADER = YES;
				CLANG_WARN_RANGE_LOOP_ANALYSIS = YES;
				CLANG_WARN_STRICT_PROTOTYPES = YES;
				CLANG_WARN_SUSPICIOUS_MOVE = YES;
				CLANG_WARN_UNGUARDED_AVAILABILITY = YES_AGGRESSIVE;
				CLANG_WARN_UNREACHABLE_CODE = YES;
				CLANG_WARN__DUPLICATE_METHOD_MATCH = YES;
				COPY_PHASE_STRIP = NO;
				DEBUG_INFORMATION_FORMAT = dwarf;
				ENABLE_STRICT_OBJC_MSGSEND = YES;
				ENABLE_TESTABILITY = YES;
				ENABLE_USER_SCRIPT_SANDBOXING = YES;
				GCC_C_LANGUAGE_STANDARD = gnu17;
				GCC_DYNAMIC_NO_PIC = NO;
				GCC_NO_COMMON_BLOCKS = YES;
				GCC_OPTIMIZATION_LEVEL = 0;
				GCC_PREPROCESSOR_DEFINITIONS = (
					"DEBUG=1",
					"$(inherited)",
				);
				GCC_WARN_64_TO_32_BIT_CONVERSION = YES;
				GCC_WARN_ABOUT_RETURN_TYPE = YES_ERROR;
				GCC_WARN_UNDECLARED_SELECTOR = YES;
				GCC_WARN_UNINITIALIZED_AUTOS = YES_AGGRESSIVE;
				GCC_WARN_UNUSED_FUNCTION = YES;
				GCC_WARN_UNUSED_VARIABLE = YES;
				IPHONEOS_DEPLOYMENT_TARGET = 18.5;
				LOCALIZATION_PREFERS_STRING_CATALOGS = YES;
				MTL_ENABLE_DEBUG_INFO = INCLUDE_SOURCE;
				MTL_FAST_MATH = YES;
				ONLY_ACTIVE_ARCH = YES;
				SDKROOT = iphoneos;
				SWIFT_ACTIVE_COMPILATION_CONDITIONS = "DEBUG $(inherited)";
				SWIFT_OPTIMIZATION_LEVEL = "-Onone";
			};
			name = Debug;
		};
		84DB8E152EBB712C005328DC /* Release */ = {
			isa = XCBuildConfiguration;
			buildSettings = {
				ALWAYS_SEARCH_USER_PATHS = NO;
				ASSETCATALOG_COMPILER_GENERATE_SWIFT_ASSET_SYMBOL_EXTENSIONS = YES;
				CLANG_ANALYZER_NONNULL = YES;
				CLANG_ANALYZER_NUMBER_OBJECT_CONVERSION = YES_AGGRESSIVE;
				CLANG_CXX_LANGUAGE_STANDARD = "gnu++20";
				CLANG_ENABLE_MODULES = YES;
				CLANG_ENABLE_OBJC_ARC = YES;
				CLANG_ENABLE_OBJC_WEAK = YES;
				CLANG_WARN_BLOCK_CAPTURE_AUTORELEASING = YES;
				CLANG_WARN_BOOL_CONVERSION = YES;
				CLANG_WARN_COMMA = YES;
				CLANG_WARN_CONSTANT_CONVERSION = YES;
				CLANG_WARN_DEPRECATED_OBJC_IMPLEMENTATIONS = YES;
				CLANG_WARN_DIRECT_OBJC_ISA_USAGE = YES_ERROR;
				CLANG_WARN_DOCUMENTATION_COMMENTS = YES;
				CLANG_WARN_EMPTY_BODY = YES;
				CLANG_WARN_ENUM_CONVERSION = YES;
				CLANG_WARN_INFINITE_RECURSION = YES;
				CLANG_WARN_INT_CONVERSION = YES;
				CLANG_WARN_NON_LITERAL_NULL_CONVERSION = YES;
				CLANG_WARN_OBJC_IMPLICIT_RETAIN_SELF = YES;
				CLANG_WARN_OBJC_LITERAL_CONVERSION = YES;
				CLANG_WARN_OBJC_ROOT_CLASS = YES_ERROR;
				CLANG_WARN_QUOTED_INCLUDE_IN_FRAMEWORK_HEADER = YES;
				CLANG_WARN_RANGE_LOOP_ANALYSIS = YES;
				CLANG_WARN_STRICT_PROTOTYPES = YES;
				CLANG_WARN_SUSPICIOUS_MOVE = YES;
				CLANG_WARN_UNGUARDED_AVAILABILITY = YES_AGGRESSIVE;
				CLANG_WARN_UNREACHABLE_CODE = YES;
				CLANG_WARN__DUPLICATE_METHOD_MATCH = YES;
				COPY_PHASE_STRIP = NO;
				DEBUG_INFORMATION_FORMAT = "dwarf-with-dsym";
				ENABLE_NS_ASSERTIONS = NO;
				ENABLE_STRICT_OBJC_MSGSEND = YES;
				ENABLE_USER_SCRIPT_SANDBOXING = YES;
				GCC_C_LANGUAGE_STANDARD = gnu17;
				GCC_NO_COMMON_BLOCKS = YES;
				GCC_WARN_64_TO_32_BIT_CONVERSION = YES;
				GCC_WARN_ABOUT_RETURN_TYPE = YES_ERROR;
				GCC_WARN_UNDECLARED_SELECTOR = YES;
				GCC_WARN_UNINITIALIZED_AUTOS = YES_AGGRESSIVE;
				GCC_WARN_UNUSED_FUNCTION = YES;
				GCC_WARN_UNUSED_VARIABLE = YES;
				IPHONEOS_DEPLOYMENT_TARGET = 18.5;
				LOCALIZATION_PREFERS_STRING_CATALOGS = YES;
				MTL_ENABLE_DEBUG_INFO = NO;
				MTL_FAST_MATH = YES;
				SDKROOT = iphoneos;
				SWIFT_COMPILATION_MODE = wholemodule;
				VALIDATE_PRODUCT = YES;
			};
			name = Release;
		};
		84DB8E172EBB712C005328DC /* Debug */ = {
			isa = XCBuildConfiguration;
			buildSettings = {
				ASSETCATALOG_COMPILER_APPICON_NAME = AppIcon;
				ASSETCATALOG_COMPILER_GLOBAL_ACCENT_COLOR_NAME = AccentColor;
				ASSETCATALOG_COMPILER_INCLUDE_ALL_APPICON_ASSETS = NO;
				CODE_SIGN_STYLE = Automatic;
				CURRENT_PROJECT_VERSION = 1;
				ENABLE_PREVIEWS = YES;
				GENERATE_INFOPLIST_FILE = YES;
				INFOPLIST_KEY_UIApplicationSceneManifest_Generation = YES;
				INFOPLIST_KEY_UIApplicationSupportsIndirectInputEvents = YES;
				INFOPLIST_KEY_UILaunchScreen_Generation = YES;
				INFOPLIST_KEY_UISupportedInterfaceOrientations_iPad = "UIInterfaceOrientationPortrait UIInterfaceOrientationPortraitUpsideDown UIInterfaceOrientationLandscapeLeft UIInterfaceOrientationLandscapeRight";
				INFOPLIST_KEY_UISupportedInterfaceOrientations_iPhone = "UIInterfaceOrientationPortrait UIInterfaceOrientationLandscapeLeft UIInterfaceOrientationLandscapeRight";
				LD_RUNPATH_SEARCH_PATHS = (
					"$(inherited)",
					"@executable_path/Frameworks",
				);
				MARKETING_VERSION = 1.0;
				PRODUCT_BUNDLE_IDENTIFIER = "GCAP-Cool-Works.GCAP";
				PRODUCT_NAME = "$(TARGET_NAME)";
				SWIFT_EMIT_LOC_STRINGS = YES;
				SWIFT_VERSION = 5.0;
				TARGETED_DEVICE_FAMILY = "1,2";
			};
			name = Debug;
		};
		84DB8E182EBB712C005328DC /* Release */ = {
			isa = XCBuildConfiguration;
			buildSettings = {
				ASSETCATALOG_COMPILER_APPICON_NAME = AppIcon;
				ASSETCATALOG_COMPILER_GLOBAL_ACCENT_COLOR_NAME = AccentColor;
				ASSETCATALOG_COMPILER_INCLUDE_ALL_APPICON_ASSETS = NO;
				CODE_SIGN_STYLE = Automatic;
				CURRENT_PROJECT_VERSION = 1;
				ENABLE_PREVIEWS = YES;
				GENERATE_INFOPLIST_FILE = YES;
				INFOPLIST_KEY_UIApplicationSceneManifest_Generation = YES;
				INFOPLIST_KEY_UIApplicationSupportsIndirectInputEvents = YES;
				INFOPLIST_KEY_UILaunchScreen_Generation = YES;
				INFOPLIST_KEY_UISupportedInterfaceOrientations_iPad = "UIInterfaceOrientationPortrait UIInterfaceOrientationPortraitUpsideDown UIInterfaceOrientationLandscapeLeft UIInterfaceOrientationLandscapeRight";
				INFOPLIST_KEY_UISupportedInterfaceOrientations_iPhone = "UIInterfaceOrientationPortrait UIInterfaceOrientationLandscapeLeft UIInterfaceOrientationLandscapeRight";
				LD_RUNPATH_SEARCH_PATHS = (
					"$(inherited)",
					"@executable_path/Frameworks",
				);
				MARKETING_VERSION = 1.0;
				PRODUCT_BUNDLE_IDENTIFIER = "GCAP-Cool-Works.GCAP";
				PRODUCT_NAME = "$(TARGET_NAME)";
				SWIFT_EMIT_LOC_STRINGS = YES;
				SWIFT_VERSION = 5.0;
				TARGETED_DEVICE_FAMILY = "1,2";
			};
			name = Release;
		};
		84DB8E1A2EBB712C005328DC /* Debug */ = {
			isa = XCBuildConfiguration;
			buildSettings = {
				BUNDLE_LOADER = "$(TEST_HOST)";
				CODE_SIGN_STYLE = Automatic;
				CURRENT_PROJECT_VERSION = 1;
				GENERATE_INFOPLIST_FILE = YES;
				IPHONEOS_DEPLOYMENT_TARGET = 18.5;
				MARKETING_VERSION = 1.0;
				PRODUCT_BUNDLE_IDENTIFIER = "GCAP-Cool-Works.GCAPTests";
				PRODUCT_NAME = "$(TARGET_NAME)";
				SWIFT_EMIT_LOC_STRINGS = NO;
				SWIFT_VERSION = 5.0;
				TARGETED_DEVICE_FAMILY = "1,2";
				TEST_HOST = "$(BUILT_PRODUCTS_DIR)/GCAP.app/$(BUNDLE_EXECUTABLE_FOLDER_PATH)/GCAP";
			};
			name = Debug;
		};
		84DB8E1B2EBB712C005328DC /* Release */ = {
			isa = XCBuildConfiguration;
			buildSettings = {
				BUNDLE_LOADER = "$(TEST_HOST)";
				CODE_SIGN_STYLE = Automatic;
				CURRENT_PROJECT_VERSION = 1;
				GENERATE_INFOPLIST_FILE = YES;
				IPHONEOS_DEPLOYMENT_TARGET = 18.5;
				MARKETING_VERSION = 1.0;
				PRODUCT_BUNDLE_IDENTIFIER = "GCAP-Cool-Works.GCAPTests";
				PRODUCT_NAME = "$(TARGET_NAME)";
				SWIFT_EMIT_LOC_STRINGS = NO;
				SWIFT_VERSION = 5.0;
				TARGETED_DEVICE_FAMILY = "1,2";
				TEST_HOST = "$(BUILT_PRODUCTS_DIR)/GCAP.app/$(BUNDLE_EXECUTABLE_FOLDER_PATH)/GCAP";
			};
			name = Release;
		};
		84DB8E1D2EBB712C005328DC /* Debug */ = {
			isa = XCBuildConfiguration;
			buildSettings = {
				CODE_SIGN_STYLE = Automatic;
				CURRENT_PROJECT_VERSION = 1;
				GENERATE_INFOPLIST_FILE = YES;
				MARKETING_VERSION = 1.0;
				PRODUCT_BUNDLE_IDENTIFIER = "GCAP-Cool-Works.GCAPUITests";
				PRODUCT_NAME = "$(TARGET_NAME)";
				SWIFT_EMIT_LOC_STRINGS = NO;
				SWIFT_VERSION = 5.0;
				TARGETED_DEVICE_FAMILY = "1,2";
				TEST_TARGET_NAME = GCAP;
			};
			name = Debug;
		};
		84DB8E1E2EBB712C005328DC /* Release */ = {
			isa = XCBuildConfiguration;
			buildSettings = {
				CODE_SIGN_STYLE = Automatic;
				CURRENT_PROJECT_VERSION = 1;
				GENERATE_INFOPLIST_FILE = YES;
				MARKETING_VERSION = 1.0;
				PRODUCT_BUNDLE_IDENTIFIER = "GCAP-Cool-Works.GCAPUITests";
				PRODUCT_NAME = "$(TARGET_NAME)";
				SWIFT_EMIT_LOC_STRINGS = NO;
				SWIFT_VERSION = 5.0;
				TARGETED_DEVICE_FAMILY = "1,2";
				TEST_TARGET_NAME = GCAP;
			};
			name = Release;
		};
/* End XCBuildConfiguration section */

/* Begin XCConfigurationList section */
		84DB8DF02EBB711B005328DC /* Build configuration list for PBXProject "GCAP" */ = {
			isa = XCConfigurationList;
			buildConfigurations = (
				84DB8E142EBB712C005328DC /* Debug */,
				84DB8E152EBB712C005328DC /* Release */,
			);
			defaultConfigurationIsVisible = 0;
			defaultConfigurationName = Release;
		};
		84DB8E162EBB712C005328DC /* Build configuration list for PBXNativeTarget "GCAP" */ = {
			isa = XCConfigurationList;
			buildConfigurations = (
				84DB8E172EBB712C005328DC /* Debug */,
				84DB8E182EBB712C005328DC /* Release */,
			);
			defaultConfigurationIsVisible = 0;
			defaultConfigurationName = Release;
		};
		84DB8E192EBB712C005328DC /* Build configuration list for PBXNativeTarget "GCAPTests" */ = {
			isa = XCConfigurationList;
			buildConfigurations = (
				84DB8E1A2EBB712C005328DC /* Debug */,
				84DB8E1B2EBB712C005328DC /* Release */,
			);
			defaultConfigurationIsVisible = 0;
			defaultConfigurationName = Release;
		};
		84DB8E1C2EBB712C005328DC /* Build configuration list for PBXNativeTarget "GCAPUITests" */ = {
			isa = XCConfigurationList;
			buildConfigurations = (
				84DB8E1D2EBB712C005328DC /* Debug */,
				84DB8E1E2EBB712C005328DC /* Release */,
			);
			defaultConfigurationIsVisible = 0;
			defaultConfigurationName = Release;
		};
/* End XCConfigurationList section */

/* Begin XCRemoteSwiftPackageReference section */
		84BCFE9D2EC61A2B006D9E40 /* XCRemoteSwiftPackageReference "CoreXLSX" */ = {
			isa = XCRemoteSwiftPackageReference;
			repositoryURL = "https://github.com/CoreOffice/CoreXLSX.git";
			requirement = {
				kind = upToNextMajorVersion;
				minimumVersion = 0.14.2;
			};
		};
/* End XCRemoteSwiftPackageReference section */

/* Begin XCSwiftPackageProductDependency section */
		84BCFE9E2EC61AE0006D9E40 /* CoreXLSX */ = {
			isa = XCSwiftPackageProductDependency;
			package = 84BCFE9D2EC61A2B006D9E40 /* XCRemoteSwiftPackageReference "CoreXLSX" */;
			productName = CoreXLSX;
		};
/* End XCSwiftPackageProductDependency section */
	};
	rootObject = 84DB8DED2EBB711B005328DC /* Project object */;
}
